
Microsoft Visual Studio Solution File, Format Version 12.00
# Visual Studio Version 16
VisualStudioVersion = 16.0.32802.440
MinimumVisualStudioVersion = 10.0.40219.1
Project("{FAE04EC0-301F-11D3-BF4B-00C04F79EFBC}") = "Jayride Coding Challenge", "Jayride Coding Challenge.csproj", "{4E1BC18A-5BA6-4FF2-8AC4-E754A6CCE51B}"
EndProject
Global
	GlobalSection(SolutionConfigurationPlatforms) = preSolution
		Debug|Any CPU = Debug|Any CPU
		Release|Any CPU = Release|Any CPU
	EndGlobalSection
	GlobalSection(ProjectConfigurationPlatforms) = postSolution
		{4E1BC18A-5BA6-4FF2-8AC4-E754A6CCE51B}.Debug|Any CPU.ActiveCfg = Debug|Any CPU
		{4E1BC18A-5BA6-4FF2-8AC4-E754A6CCE51B}.Debug|Any CPU.Build.0 = Debug|Any CPU
		{4E1BC18A-5BA6-4FF2-8AC4-E754A6CCE51B}.Release|Any CPU.ActiveCfg = Release|Any CPU
		{4E1BC18A-5BA6-4FF2-8AC4-E754A6CCE51B}.Release|Any CPU.Build.0 = Release|Any CPU
	EndGlobalSection
	GlobalSection(SolutionProperties) = preSolution
		HideSolutionNode = FALSE
	EndGlobalSection
	GlobalSection(ExtensibilityGlobals) = postSolution
		SolutionGuid = {0906A30B-3B31-4B37-A3B1-AA916DDCB5A1}
	EndGlobalSection
EndGlobal
